
Microsoft Visual Studio Solution File, Format Version 12.00
# Visual Studio Version 16
VisualStudioVersion = 16.0.30320.27
MinimumVisualStudioVersion = 10.0.40219.1
Project("{2150E333-8FDC-42A3-9474-1A3956D46DE8}") = "Shared", "Shared", "{004B9A0E-3925-45B3-925D-CC5437732FF3}"
EndProject
Project("{2150E333-8FDC-42A3-9474-1A3956D46DE8}") = "Services", "Services", "{A95DF606-44B1-444F-997F-6105D8F73FE6}"
EndProject
Project("{2150E333-8FDC-42A3-9474-1A3956D46DE8}") = "Web", "Web", "{0527E113-88A7-43A8-9AAC-920E5AF01942}"
EndProject
Project("{9A19103F-16F7-4668-BE54-9A1E7A4F7556}") = "xBudget.Web", "src\Web\xBudget.Web\xBudget.Web.csproj", "{1DC1E47A-FD05-4FA4-AD62-7EDB0B328C98}"
EndProject
Project("{9A19103F-16F7-4668-BE54-9A1E7A4F7556}") = "xBudget.Identity.Api", "src\Services\xBudget.Identity.Api\xBudget.Identity.Api.csproj", "{392371EB-1198-4892-8C52-9D766A337CA1}"
EndProject
Project("{9A19103F-16F7-4668-BE54-9A1E7A4F7556}") = "xBudget.Identity.Test", "src\Services\xBudget.Identity.Test\xBudget.Identity.Test.csproj", "{3EFB98E5-D12A-4765-9DF8-30CBB55843F5}"
EndProject
Project("{9A19103F-16F7-4668-BE54-9A1E7A4F7556}") = "xBudget.Lib", "src\Shared\xBudget.Lib\xBudget.Lib.csproj", "{F58B3537-5612-4800-AC9A-CD577101A01F}"
EndProject
Project("{9A19103F-16F7-4668-BE54-9A1E7A4F7556}") = "xBudget.Account.Api", "src\Services\xBudget.Account.Api\xBudget.Account.Api.csproj", "{744A30CD-4A97-4250-A385-2371775B0485}"
EndProject
Project("{2150E333-8FDC-42A3-9474-1A3956D46DE8}") = "Identity", "Identity", "{48FFC633-4ADC-4800-80F5-F11CEB797618}"
EndProject
Project("{2150E333-8FDC-42A3-9474-1A3956D46DE8}") = "Account", "Account", "{9068ED7B-874E-49C4-A68B-B921E593D667}"
EndProject
Project("{FAE04EC0-301F-11D3-BF4B-00C04F79EFBC}") = "xBudget.Account.Test", "src\Services\xBudget.Account.Test\xBudget.Account.Test.csproj", "{2483BE83-8AF1-4DA3-ABBC-E91F12C018BA}"
EndProject
Global
	GlobalSection(SolutionConfigurationPlatforms) = preSolution
		Debug|Any CPU = Debug|Any CPU
		Release|Any CPU = Release|Any CPU
	EndGlobalSection
	GlobalSection(ProjectConfigurationPlatforms) = postSolution
		{1DC1E47A-FD05-4FA4-AD62-7EDB0B328C98}.Debug|Any CPU.ActiveCfg = Debug|Any CPU
		{1DC1E47A-FD05-4FA4-AD62-7EDB0B328C98}.Debug|Any CPU.Build.0 = Debug|Any CPU
		{1DC1E47A-FD05-4FA4-AD62-7EDB0B328C98}.Release|Any CPU.ActiveCfg = Release|Any CPU
		{1DC1E47A-FD05-4FA4-AD62-7EDB0B328C98}.Release|Any CPU.Build.0 = Release|Any CPU
		{392371EB-1198-4892-8C52-9D766A337CA1}.Debug|Any CPU.ActiveCfg = Debug|Any CPU
		{392371EB-1198-4892-8C52-9D766A337CA1}.Debug|Any CPU.Build.0 = Debug|Any CPU
		{392371EB-1198-4892-8C52-9D766A337CA1}.Release|Any CPU.ActiveCfg = Release|Any CPU
		{392371EB-1198-4892-8C52-9D766A337CA1}.Release|Any CPU.Build.0 = Release|Any CPU
		{3EFB98E5-D12A-4765-9DF8-30CBB55843F5}.Debug|Any CPU.ActiveCfg = Debug|Any CPU
		{3EFB98E5-D12A-4765-9DF8-30CBB55843F5}.Debug|Any CPU.Build.0 = Debug|Any CPU
		{3EFB98E5-D12A-4765-9DF8-30CBB55843F5}.Release|Any CPU.ActiveCfg = Release|Any CPU
		{3EFB98E5-D12A-4765-9DF8-30CBB55843F5}.Release|Any CPU.Build.0 = Release|Any CPU
		{F58B3537-5612-4800-AC9A-CD577101A01F}.Debug|Any CPU.ActiveCfg = Debug|Any CPU
		{F58B3537-5612-4800-AC9A-CD577101A01F}.Debug|Any CPU.Build.0 = Debug|Any CPU
		{F58B3537-5612-4800-AC9A-CD577101A01F}.Release|Any CPU.ActiveCfg = Release|Any CPU
		{F58B3537-5612-4800-AC9A-CD577101A01F}.Release|Any CPU.Build.0 = Release|Any CPU
		{744A30CD-4A97-4250-A385-2371775B0485}.Debug|Any CPU.ActiveCfg = Debug|Any CPU
		{744A30CD-4A97-4250-A385-2371775B0485}.Debug|Any CPU.Build.0 = Debug|Any CPU
		{744A30CD-4A97-4250-A385-2371775B0485}.Release|Any CPU.ActiveCfg = Release|Any CPU
		{744A30CD-4A97-4250-A385-2371775B0485}.Release|Any CPU.Build.0 = Release|Any CPU
		{2483BE83-8AF1-4DA3-ABBC-E91F12C018BA}.Debug|Any CPU.ActiveCfg = Debug|Any CPU
		{2483BE83-8AF1-4DA3-ABBC-E91F12C018BA}.Debug|Any CPU.Build.0 = Debug|Any CPU
		{2483BE83-8AF1-4DA3-ABBC-E91F12C018BA}.Release|Any CPU.ActiveCfg = Release|Any CPU
		{2483BE83-8AF1-4DA3-ABBC-E91F12C018BA}.Release|Any CPU.Build.0 = Release|Any CPU
	EndGlobalSection
	GlobalSection(SolutionProperties) = preSolution
		HideSolutionNode = FALSE
	EndGlobalSection
	GlobalSection(NestedProjects) = preSolution
		{1DC1E47A-FD05-4FA4-AD62-7EDB0B328C98} = {0527E113-88A7-43A8-9AAC-920E5AF01942}
		{392371EB-1198-4892-8C52-9D766A337CA1} = {48FFC633-4ADC-4800-80F5-F11CEB797618}
		{3EFB98E5-D12A-4765-9DF8-30CBB55843F5} = {48FFC633-4ADC-4800-80F5-F11CEB797618}
		{F58B3537-5612-4800-AC9A-CD577101A01F} = {004B9A0E-3925-45B3-925D-CC5437732FF3}
		{744A30CD-4A97-4250-A385-2371775B0485} = {9068ED7B-874E-49C4-A68B-B921E593D667}
		{48FFC633-4ADC-4800-80F5-F11CEB797618} = {A95DF606-44B1-444F-997F-6105D8F73FE6}
		{9068ED7B-874E-49C4-A68B-B921E593D667} = {A95DF606-44B1-444F-997F-6105D8F73FE6}
		{2483BE83-8AF1-4DA3-ABBC-E91F12C018BA} = {9068ED7B-874E-49C4-A68B-B921E593D667}
	EndGlobalSection
	GlobalSection(ExtensibilityGlobals) = postSolution
		SolutionGuid = {C4AF5B99-085F-424B-9BF0-9ED3C5E404B1}
	EndGlobalSection
EndGlobal
